
Microsoft Visual Studio Solution File, Format Version 12.00
# Visual Studio Version 17
VisualStudioVersion = 17.9.34714.143
MinimumVisualStudioVersion = 10.0.40219.1
Project("{FAE04EC0-301F-11D3-BF4B-00C04F79EFBC}") = "CakeBack.Models", "CakeBack.Models\CakeBack.Models.csproj", "{AF3D1FA6-2F1D-44EC-AF71-B29DBC00BD1B}"
EndProject
Project("{FAE04EC0-301F-11D3-BF4B-00C04F79EFBC}") = "CackeBack.DAL", "CackeBack.DAL\CackeBack.DAL.csproj", "{BF5E4F44-C166-462A-A40E-B91893673FF7}"
EndProject
Project("{FAE04EC0-301F-11D3-BF4B-00C04F79EFBC}") = "CackeBack.BLL", "CackeBack.BLL\CackeBack.BLL.csproj", "{1721EC58-C901-4969-995E-0F2FFE00FDB6}"
EndProject
Project("{FAE04EC0-301F-11D3-BF4B-00C04F79EFBC}") = "CackeBack.API", "CackeBack.WebAPI\CackeBack.API.csproj", "{65221D5A-4D31-4EB2-BA5D-094DEEEB69AF}"
EndProject
Global
	GlobalSection(SolutionConfigurationPlatforms) = preSolution
		Debug|Any CPU = Debug|Any CPU
		Release|Any CPU = Release|Any CPU
	EndGlobalSection
	GlobalSection(ProjectConfigurationPlatforms) = postSolution
		{AF3D1FA6-2F1D-44EC-AF71-B29DBC00BD1B}.Debug|Any CPU.ActiveCfg = Debug|Any CPU
		{AF3D1FA6-2F1D-44EC-AF71-B29DBC00BD1B}.Debug|Any CPU.Build.0 = Debug|Any CPU
		{AF3D1FA6-2F1D-44EC-AF71-B29DBC00BD1B}.Release|Any CPU.ActiveCfg = Release|Any CPU
		{AF3D1FA6-2F1D-44EC-AF71-B29DBC00BD1B}.Release|Any CPU.Build.0 = Release|Any CPU
		{BF5E4F44-C166-462A-A40E-B91893673FF7}.Debug|Any CPU.ActiveCfg = Debug|Any CPU
		{BF5E4F44-C166-462A-A40E-B91893673FF7}.Debug|Any CPU.Build.0 = Debug|Any CPU
		{BF5E4F44-C166-462A-A40E-B91893673FF7}.Release|Any CPU.ActiveCfg = Release|Any CPU
		{BF5E4F44-C166-462A-A40E-B91893673FF7}.Release|Any CPU.Build.0 = Release|Any CPU
		{1721EC58-C901-4969-995E-0F2FFE00FDB6}.Debug|Any CPU.ActiveCfg = Debug|Any CPU
		{1721EC58-C901-4969-995E-0F2FFE00FDB6}.Debug|Any CPU.Build.0 = Debug|Any CPU
		{1721EC58-C901-4969-995E-0F2FFE00FDB6}.Release|Any CPU.ActiveCfg = Release|Any CPU
		{1721EC58-C901-4969-995E-0F2FFE00FDB6}.Release|Any CPU.Build.0 = Release|Any CPU
		{65221D5A-4D31-4EB2-BA5D-094DEEEB69AF}.Debug|Any CPU.ActiveCfg = Debug|Any CPU
		{65221D5A-4D31-4EB2-BA5D-094DEEEB69AF}.Debug|Any CPU.Build.0 = Debug|Any CPU
		{65221D5A-4D31-4EB2-BA5D-094DEEEB69AF}.Release|Any CPU.ActiveCfg = Release|Any CPU
		{65221D5A-4D31-4EB2-BA5D-094DEEEB69AF}.Release|Any CPU.Build.0 = Release|Any CPU
	EndGlobalSection
	GlobalSection(SolutionProperties) = preSolution
		HideSolutionNode = FALSE
	EndGlobalSection
	GlobalSection(ExtensibilityGlobals) = postSolution
		SolutionGuid = {B321D16A-4B60-43D1-A871-C06A99E191CD}
	EndGlobalSection
EndGlobal
